
Microsoft Visual Studio Solution File, Format Version 12.00
# Visual Studio Version 17
VisualStudioVersion = 17.0.31606.5
MinimumVisualStudioVersion = 10.0.40219.1
Project("{9A19103F-16F7-4668-BE54-9A1E7A4F7556}") = "CloudTheWolf.DSharpPlus.Scaffolding.Worker", "CloudTheWolf.DSharpPlus.Scaffolding.Worker\CloudTheWolf.DSharpPlus.Scaffolding.Worker.csproj", "{12B7EE18-7D52-4EDA-BEF1-63B6DEDC161C}"
EndProject
Project("{9A19103F-16F7-4668-BE54-9A1E7A4F7556}") = "ExamplePlugin", "ExamplePlugin\ExamplePlugin.csproj", "{5FA565A2-B9CA-48A8-8EF6-F6ED9597248F}"
EndProject
Global
	GlobalSection(SolutionConfigurationPlatforms) = preSolution
		Debug|Any CPU = Debug|Any CPU
		Release|Any CPU = Release|Any CPU
	EndGlobalSection
	GlobalSection(ProjectConfigurationPlatforms) = postSolution
		{12B7EE18-7D52-4EDA-BEF1-63B6DEDC161C}.Debug|Any CPU.ActiveCfg = Debug|Any CPU
		{12B7EE18-7D52-4EDA-BEF1-63B6DEDC161C}.Debug|Any CPU.Build.0 = Debug|Any CPU
		{12B7EE18-7D52-4EDA-BEF1-63B6DEDC161C}.Release|Any CPU.ActiveCfg = Release|Any CPU
		{12B7EE18-7D52-4EDA-BEF1-63B6DEDC161C}.Release|Any CPU.Build.0 = Release|Any CPU
		{5FA565A2-B9CA-48A8-8EF6-F6ED9597248F}.Debug|Any CPU.ActiveCfg = Debug|Any CPU
		{5FA565A2-B9CA-48A8-8EF6-F6ED9597248F}.Debug|Any CPU.Build.0 = Debug|Any CPU
		{5FA565A2-B9CA-48A8-8EF6-F6ED9597248F}.Release|Any CPU.ActiveCfg = Release|Any CPU
		{5FA565A2-B9CA-48A8-8EF6-F6ED9597248F}.Release|Any CPU.Build.0 = Release|Any CPU
	EndGlobalSection
	GlobalSection(SolutionProperties) = preSolution
		HideSolutionNode = FALSE
	EndGlobalSection
	GlobalSection(ExtensibilityGlobals) = postSolution
		SolutionGuid = {B4DCF843-9305-401E-A7E4-01CA70AD9C99}
	EndGlobalSection
EndGlobal
